
Microsoft Visual Studio Solution File, Format Version 12.00
Project("{FAE04EC0-301F-11D3-BF4B-00C04F79EFBC}") = "AutoBreakGeode", "AutoBreakGeode\AutoBreakGeode.csproj", "{A488DC0E-B3AA-452F-85BC-A6FC07DE2B97}"
EndProject
Project("{FAE04EC0-301F-11D3-BF4B-00C04F79EFBC}") = "ActiveMenuAnywhere", "ActiveMenuAnywhere\ActiveMenuAnywhere.csproj", "{A4C72ECE-3522-42F4-8AE6-EA127925C7E4}"
EndProject
Project("{FAE04EC0-301F-11D3-BF4B-00C04F79EFBC}") = "Common", "Common\Common.csproj", "{98D390DA-4592-4554-8AB4-5A0963AA7A17}"
EndProject
Global
	GlobalSection(SolutionConfigurationPlatforms) = preSolution
		Debug|Any CPU = Debug|Any CPU
		Release|Any CPU = Release|Any CPU
	EndGlobalSection
	GlobalSection(ProjectConfigurationPlatforms) = postSolution
		{A488DC0E-B3AA-452F-85BC-A6FC07DE2B97}.Debug|Any CPU.ActiveCfg = Debug|Any CPU
		{A488DC0E-B3AA-452F-85BC-A6FC07DE2B97}.Debug|Any CPU.Build.0 = Debug|Any CPU
		{A488DC0E-B3AA-452F-85BC-A6FC07DE2B97}.Release|Any CPU.ActiveCfg = Release|Any CPU
		{A488DC0E-B3AA-452F-85BC-A6FC07DE2B97}.Release|Any CPU.Build.0 = Release|Any CPU
		{A4C72ECE-3522-42F4-8AE6-EA127925C7E4}.Debug|Any CPU.ActiveCfg = Debug|Any CPU
		{A4C72ECE-3522-42F4-8AE6-EA127925C7E4}.Debug|Any CPU.Build.0 = Debug|Any CPU
		{A4C72ECE-3522-42F4-8AE6-EA127925C7E4}.Release|Any CPU.ActiveCfg = Release|Any CPU
		{A4C72ECE-3522-42F4-8AE6-EA127925C7E4}.Release|Any CPU.Build.0 = Release|Any CPU
		{98D390DA-4592-4554-8AB4-5A0963AA7A17}.Debug|Any CPU.ActiveCfg = Debug|Any CPU
		{98D390DA-4592-4554-8AB4-5A0963AA7A17}.Debug|Any CPU.Build.0 = Debug|Any CPU
		{98D390DA-4592-4554-8AB4-5A0963AA7A17}.Release|Any CPU.ActiveCfg = Release|Any CPU
		{98D390DA-4592-4554-8AB4-5A0963AA7A17}.Release|Any CPU.Build.0 = Release|Any CPU
	EndGlobalSection
EndGlobal
